{
  "name": "justaprankbro",
  "lockfileVersion": 3,
  "requires": true,
  "packages": {
    "": {
      "dependencies": {
        "pcm-player": "^0.0.18"
      }
    },
    "node_modules/pcm-player": {
      "version": "0.0.18",
      "resolved": "https://registry.npmjs.org/pcm-player/-/pcm-player-0.0.18.tgz",
      "integrity": "sha512-kRamagzBRlcLORBlLxb4UADPwqyGOiGgkzhZsIwtMGS7n6Hlp7h44PaEL8TIybzSkyMcIvvsQjUCuphW+aeDkg=="
    }
  }
}
